{
  "name": "python_pln",
  "lockfileVersion": 3,
  "requires": true,
  "packages": {
    "": {
      "dependencies": {
        "levenshtein": "^1.0.5",
        "python3": "^0.0.1"
      }
    },
    "node_modules/levenshtein": {
      "version": "1.0.5",
      "resolved": "https://registry.npmjs.org/levenshtein/-/levenshtein-1.0.5.tgz",
      "integrity": "sha512-UQf1nnmxjl7O0+snDXj2YF2r74Gkya8ZpnegrUBYN9tikh2dtxV/ey8e07BO5wwo0i76yjOvbDhFHdcPEiH9aA==",
      "engines": [
        "node >=0.2.0"
      ]
    },
    "node_modules/python3": {
      "version": "0.0.1",
      "resolved": "https://registry.npmjs.org/python3/-/python3-0.0.1.tgz",
      "integrity": "sha512-VB3Pe0uV1mjWND5Kv1FJQOSuAe979Oo0gRs/C8JGF8wx+ulkWqHC/sWlQz+ezcGpwsJP0tTIh+No/iRaqQlcNg=="
    }
  }
}
